// !$*UTF8*$!
{
	archiveVersion = 1;
	classes = {
	};
	objectVersion = 45;
	objects = {

/* Begin PBXBuildFile section */
		1DDD58160DA1D0A300B32029 /* MainMenu.xib in Resources */ = {isa = PBXBuildFile; fileRef = 1DDD58140DA1D0A300B32029 /* MainMenu.xib */; };
		630405E90F3733A20058E192 /* ComicController.m in Sources */ = {isa = PBXBuildFile; fileRef = 630405E80F3733A20058E192 /* ComicController.m */; };
		63D6518B0FE9592F0085AC80 /* cad-comic.com.rb in Resources */ = {isa = PBXBuildFile; fileRef = 63D651850FE9592F0085AC80 /* cad-comic.com.rb */; };
		63D6518C0FE9592F0085AC80 /* explosm.net.rb in Resources */ = {isa = PBXBuildFile; fileRef = 63D651860FE9592F0085AC80 /* explosm.net.rb */; };
		63D6518D0FE9592F0085AC80 /* overcompensating.com.rb in Resources */ = {isa = PBXBuildFile; fileRef = 63D651870FE9592F0085AC80 /* overcompensating.com.rb */; };
		63D6518E0FE9592F0085AC80 /* threepanes.rb in Resources */ = {isa = PBXBuildFile; fileRef = 63D651880FE9592F0085AC80 /* threepanes.rb */; };
		63D6518F0FE9592F0085AC80 /* xkcd.com.rb in Resources */ = {isa = PBXBuildFile; fileRef = 63D651890FE9592F0085AC80 /* xkcd.com.rb */; };
		63D651B10FEA890F0085AC80 /* boredandevil.com.rb in Resources */ = {isa = PBXBuildFile; fileRef = 63D651A90FEA890F0085AC80 /* boredandevil.com.rb */; };
		63D651B20FEA890F0085AC80 /* digitalunrestcomic.com.rb in Resources */ = {isa = PBXBuildFile; fileRef = 63D651AA0FEA890F0085AC80 /* digitalunrestcomic.com.rb */; };
		63D651B30FEA890F0085AC80 /* duelinganalogs.com.rb in Resources */ = {isa = PBXBuildFile; fileRef = 63D651AB0FEA890F0085AC80 /* duelinganalogs.com.rb */; };
		63D651B40FEA890F0085AC80 /* joyoftech.com.rb in Resources */ = {isa = PBXBuildFile; fileRef = 63D651AC0FEA890F0085AC80 /* joyoftech.com.rb */; };
		63D651B50FEA890F0085AC80 /* orneryboy.com.rb in Resources */ = {isa = PBXBuildFile; fileRef = 63D651AD0FEA890F0085AC80 /* orneryboy.com.rb */; };
		63D651B60FEA890F0085AC80 /* penny-arcade.com.rb in Resources */ = {isa = PBXBuildFile; fileRef = 63D651AE0FEA890F0085AC80 /* penny-arcade.com.rb */; };
		63D651B70FEA890F0085AC80 /* viruscomix.com.rb in Resources */ = {isa = PBXBuildFile; fileRef = 63D651AF0FEA890F0085AC80 /* viruscomix.com.rb */; };
		63D651B80FEA890F0085AC80 /* whiteninjacomics.com.rb in Resources */ = {isa = PBXBuildFile; fileRef = 63D651B00FEA890F0085AC80 /* whiteninjacomics.com.rb */; };
		63D651CA0FEAC3AB0085AC80 /* ComicBookGuy.m in Sources */ = {isa = PBXBuildFile; fileRef = 63D651C90FEAC3AB0085AC80 /* ComicBookGuy.m */; };
		63EE256B0FE7CB8C00747962 /* NSString+mxcl.m in Sources */ = {isa = PBXBuildFile; fileRef = 63EE256A0FE7CB8C00747962 /* NSString+mxcl.m */; };
		8D11072B0486CEB800E47090 /* InfoPlist.strings in Resources */ = {isa = PBXBuildFile; fileRef = 089C165CFE840E0CC02AAC07 /* InfoPlist.strings */; };
		8D11072D0486CEB800E47090 /* main.m in Sources */ = {isa = PBXBuildFile; fileRef = 29B97316FDCFA39411CA2CEA /* main.m */; settings = {ATTRIBUTES = (); }; };
		8D11072F0486CEB800E47090 /* Cocoa.framework in Frameworks */ = {isa = PBXBuildFile; fileRef = 1058C7A1FEA54F0111CA2CBB /* Cocoa.framework */; };
/* End PBXBuildFile section */

/* Begin PBXFileReference section */
		089C165DFE840E0CC02AAC07 /* English */ = {isa = PBXFileReference; fileEncoding = 10; lastKnownFileType = text.plist.strings; name = English; path = English.lproj/InfoPlist.strings; sourceTree = "<group>"; };
		1058C7A1FEA54F0111CA2CBB /* Cocoa.framework */ = {isa = PBXFileReference; lastKnownFileType = wrapper.framework; name = Cocoa.framework; path = /System/Library/Frameworks/Cocoa.framework; sourceTree = "<absolute>"; };
		13E42FB307B3F0F600E4EEF1 /* CoreData.framework */ = {isa = PBXFileReference; lastKnownFileType = wrapper.framework; name = CoreData.framework; path = /System/Library/Frameworks/CoreData.framework; sourceTree = "<absolute>"; };
		1DDD58150DA1D0A300B32029 /* English */ = {isa = PBXFileReference; lastKnownFileType = file.xib; name = English; path = English.lproj/MainMenu.xib; sourceTree = "<group>"; };
		29B97316FDCFA39411CA2CEA /* main.m */ = {isa = PBXFileReference; fileEncoding = 4; lastKnownFileType = sourcecode.c.objc; path = main.m; sourceTree = "<group>"; };
		29B97324FDCFA39411CA2CEA /* AppKit.framework */ = {isa = PBXFileReference; lastKnownFileType = wrapper.framework; name = AppKit.framework; path = /System/Library/Frameworks/AppKit.framework; sourceTree = "<absolute>"; };
		29B97325FDCFA39411CA2CEA /* Foundation.framework */ = {isa = PBXFileReference; lastKnownFileType = wrapper.framework; name = Foundation.framework; path = /System/Library/Frameworks/Foundation.framework; sourceTree = "<absolute>"; };
		32CA4F630368D1EE00C91783 /* pc.h */ = {isa = PBXFileReference; fileEncoding = 4; lastKnownFileType = sourcecode.c.h; path = pc.h; sourceTree = "<group>"; };
		630405E70F3733A20058E192 /* ComicController.h */ = {isa = PBXFileReference; fileEncoding = 4; lastKnownFileType = sourcecode.c.h; path = ComicController.h; sourceTree = "<group>"; };
		630405E80F3733A20058E192 /* ComicController.m */ = {isa = PBXFileReference; fileEncoding = 4; lastKnownFileType = sourcecode.c.objc; path = ComicController.m; sourceTree = "<group>"; };
		63D651850FE9592F0085AC80 /* cad-comic.com.rb */ = {isa = PBXFileReference; fileEncoding = 4; lastKnownFileType = text.script.ruby; name = "cad-comic.com.rb"; path = "rb/cad-comic.com.rb"; sourceTree = "<group>"; };
		63D651860FE9592F0085AC80 /* explosm.net.rb */ = {isa = PBXFileReference; fileEncoding = 4; lastKnownFileType = text.script.ruby; name = explosm.net.rb; path = rb/explosm.net.rb; sourceTree = "<group>"; };
		63D651870FE9592F0085AC80 /* overcompensating.com.rb */ = {isa = PBXFileReference; fileEncoding = 4; lastKnownFileType = text.script.ruby; name = overcompensating.com.rb; path = rb/overcompensating.com.rb; sourceTree = "<group>"; };
		63D651880FE9592F0085AC80 /* threepanes.rb */ = {isa = PBXFileReference; fileEncoding = 4; lastKnownFileType = text.script.ruby; name = threepanes.rb; path = rb/threepanes.rb; sourceTree = "<group>"; };
		63D651890FE9592F0085AC80 /* xkcd.com.rb */ = {isa = PBXFileReference; fileEncoding = 4; lastKnownFileType = text.script.ruby; name = xkcd.com.rb; path = rb/xkcd.com.rb; sourceTree = "<group>"; };
		63D651A90FEA890F0085AC80 /* boredandevil.com.rb */ = {isa = PBXFileReference; fileEncoding = 4; lastKnownFileType = text.script.ruby; name = boredandevil.com.rb; path = rb/boredandevil.com.rb; sourceTree = "<group>"; };
		63D651AA0FEA890F0085AC80 /* digitalunrestcomic.com.rb */ = {isa = PBXFileReference; fileEncoding = 4; lastKnownFileType = text.script.ruby; name = digitalunrestcomic.com.rb; path = rb/digitalunrestcomic.com.rb; sourceTree = "<group>"; };
		63D651AB0FEA890F0085AC80 /* duelinganalogs.com.rb */ = {isa = PBXFileReference; fileEncoding = 4; lastKnownFileType = text.script.ruby; name = duelinganalogs.com.rb; path = rb/duelinganalogs.com.rb; sourceTree = "<group>"; };
		63D651AC0FEA890F0085AC80 /* joyoftech.com.rb */ = {isa = PBXFileReference; fileEncoding = 4; lastKnownFileType = text.script.ruby; name = joyoftech.com.rb; path = rb/joyoftech.com.rb; sourceTree = "<group>"; };
		63D651AD0FEA890F0085AC80 /* orneryboy.com.rb */ = {isa = PBXFileReference; fileEncoding = 4; lastKnownFileType = text.script.ruby; name = orneryboy.com.rb; path = rb/orneryboy.com.rb; sourceTree = "<group>"; };
		63D651AE0FEA890F0085AC80 /* penny-arcade.com.rb */ = {isa = PBXFileReference; fileEncoding = 4; lastKnownFileType = text.script.ruby; name = "penny-arcade.com.rb"; path = "rb/penny-arcade.com.rb"; sourceTree = "<group>"; };
		63D651AF0FEA890F0085AC80 /* viruscomix.com.rb */ = {isa = PBXFileReference; fileEncoding = 4; lastKnownFileType = text.script.ruby; name = viruscomix.com.rb; path = rb/viruscomix.com.rb; sourceTree = "<group>"; };
		63D651B00FEA890F0085AC80 /* whiteninjacomics.com.rb */ = {isa = PBXFileReference; fileEncoding = 4; lastKnownFileType = text.script.ruby; name = whiteninjacomics.com.rb; path = rb/whiteninjacomics.com.rb; sourceTree = "<group>"; };
		63D651C80FEAC3AB0085AC80 /* ComicBookGuy.h */ = {isa = PBXFileReference; fileEncoding = 4; lastKnownFileType = sourcecode.c.h; path = ComicBookGuy.h; sourceTree = "<group>"; };
		63D651C90FEAC3AB0085AC80 /* ComicBookGuy.m */ = {isa = PBXFileReference; fileEncoding = 4; lastKnownFileType = sourcecode.c.objc; path = ComicBookGuy.m; sourceTree = "<group>"; };
		63EE25690FE7CB8C00747962 /* NSString+mxcl.h */ = {isa = PBXFileReference; fileEncoding = 4; lastKnownFileType = sourcecode.c.h; path = "NSString+mxcl.h"; sourceTree = "<group>"; };
		63EE256A0FE7CB8C00747962 /* NSString+mxcl.m */ = {isa = PBXFileReference; fileEncoding = 4; lastKnownFileType = sourcecode.c.objc; path = "NSString+mxcl.m"; sourceTree = "<group>"; };
		8D1107310486CEB800E47090 /* Info.plist */ = {isa = PBXFileReference; fileEncoding = 4; lastKnownFileType = text.plist.xml; path = Info.plist; sourceTree = "<group>"; };
		8D1107320486CEB800E47090 /* Three Panes.app */ = {isa = PBXFileReference; explicitFileType = wrapper.application; includeInIndex = 0; path = "Three Panes.app"; sourceTree = BUILT_PRODUCTS_DIR; };
/* End PBXFileReference section */

/* Begin PBXFrameworksBuildPhase section */
		8D11072E0486CEB800E47090 /* Frameworks */ = {
			isa = PBXFrameworksBuildPhase;
			buildActionMask = 2147483647;
			files = (
				8D11072F0486CEB800E47090 /* Cocoa.framework in Frameworks */,
			);
			runOnlyForDeploymentPostprocessing = 0;
		};
/* End PBXFrameworksBuildPhase section */

/* Begin PBXGroup section */
		080E96DDFE201D6D7F000001 /* Classes */ = {
			isa = PBXGroup;
			children = (
				630405E70F3733A20058E192 /* ComicController.h */,
				630405E80F3733A20058E192 /* ComicController.m */,
				63EE25690FE7CB8C00747962 /* NSString+mxcl.h */,
				63EE256A0FE7CB8C00747962 /* NSString+mxcl.m */,
				63D651C80FEAC3AB0085AC80 /* ComicBookGuy.h */,
				63D651C90FEAC3AB0085AC80 /* ComicBookGuy.m */,
			);
			name = Classes;
			sourceTree = "<group>";
		};
		1058C7A0FEA54F0111CA2CBB /* Linked Frameworks */ = {
			isa = PBXGroup;
			children = (
				1058C7A1FEA54F0111CA2CBB /* Cocoa.framework */,
			);
			name = "Linked Frameworks";
			sourceTree = "<group>";
		};
		1058C7A2FEA54F0111CA2CBB /* Other Frameworks */ = {
			isa = PBXGroup;
			children = (
				29B97324FDCFA39411CA2CEA /* AppKit.framework */,
				13E42FB307B3F0F600E4EEF1 /* CoreData.framework */,
				29B97325FDCFA39411CA2CEA /* Foundation.framework */,
			);
			name = "Other Frameworks";
			sourceTree = "<group>";
		};
		19C28FACFE9D520D11CA2CBB /* Products */ = {
			isa = PBXGroup;
			children = (
				8D1107320486CEB800E47090 /* Three Panes.app */,
			);
			name = Products;
			sourceTree = "<group>";
		};
		29B97314FDCFA39411CA2CEA /* Three Panes */ = {
			isa = PBXGroup;
			children = (
				080E96DDFE201D6D7F000001 /* Classes */,
				29B97315FDCFA39411CA2CEA /* Other Sources */,
				29B97317FDCFA39411CA2CEA /* Resources */,
				29B97323FDCFA39411CA2CEA /* Frameworks */,
				19C28FACFE9D520D11CA2CBB /* Products */,
			);
			name = "Three Panes";
			sourceTree = "<group>";
		};
		29B97315FDCFA39411CA2CEA /* Other Sources */ = {
			isa = PBXGroup;
			children = (
				32CA4F630368D1EE00C91783 /* pc.h */,
				29B97316FDCFA39411CA2CEA /* main.m */,
			);
			name = "Other Sources";
			sourceTree = "<group>";
		};
		29B97317FDCFA39411CA2CEA /* Resources */ = {
			isa = PBXGroup;
			children = (
				63D651A90FEA890F0085AC80 /* boredandevil.com.rb */,
				63D651AA0FEA890F0085AC80 /* digitalunrestcomic.com.rb */,
				63D651AB0FEA890F0085AC80 /* duelinganalogs.com.rb */,
				63D651AC0FEA890F0085AC80 /* joyoftech.com.rb */,
				63D651AD0FEA890F0085AC80 /* orneryboy.com.rb */,
				63D651AE0FEA890F0085AC80 /* penny-arcade.com.rb */,
				63D651AF0FEA890F0085AC80 /* viruscomix.com.rb */,
				63D651B00FEA890F0085AC80 /* whiteninjacomics.com.rb */,
				63D651850FE9592F0085AC80 /* cad-comic.com.rb */,
				63D651860FE9592F0085AC80 /* explosm.net.rb */,
				63D651870FE9592F0085AC80 /* overcompensating.com.rb */,
				63D651880FE9592F0085AC80 /* threepanes.rb */,
				63D651890FE9592F0085AC80 /* xkcd.com.rb */,
				8D1107310486CEB800E47090 /* Info.plist */,
				089C165CFE840E0CC02AAC07 /* InfoPlist.strings */,
				1DDD58140DA1D0A300B32029 /* MainMenu.xib */,
			);
			name = Resources;
			sourceTree = "<group>";
		};
		29B97323FDCFA39411CA2CEA /* Frameworks */ = {
			isa = PBXGroup;
			children = (
				1058C7A0FEA54F0111CA2CBB /* Linked Frameworks */,
				1058C7A2FEA54F0111CA2CBB /* Other Frameworks */,
			);
			name = Frameworks;
			sourceTree = "<group>";
		};
/* End PBXGroup section */

/* Begin PBXNativeTarget section */
		8D1107260486CEB800E47090 /* Three Panes */ = {
			isa = PBXNativeTarget;
			buildConfigurationList = C01FCF4A08A954540054247B /* Build configuration list for PBXNativeTarget "Three Panes" */;
			buildPhases = (
				8D1107290486CEB800E47090 /* Resources */,
				8D11072C0486CEB800E47090 /* Sources */,
				8D11072E0486CEB800E47090 /* Frameworks */,
			);
			buildRules = (
			);
			dependencies = (
			);
			name = "Three Panes";
			productInstallPath = "$(HOME)/Applications";
			productName = "Three Panes";
			productReference = 8D1107320486CEB800E47090 /* Three Panes.app */;
			productType = "com.apple.product-type.application";
		};
/* End PBXNativeTarget section */

/* Begin PBXProject section */
		29B97313FDCFA39411CA2CEA /* Project object */ = {
			isa = PBXProject;
			buildConfigurationList = C01FCF4E08A954540054247B /* Build configuration list for PBXProject "Three Panes.app" */;
			compatibilityVersion = "Xcode 3.1";
			hasScannedForEncodings = 1;
			mainGroup = 29B97314FDCFA39411CA2CEA /* Three Panes */;
			projectDirPath = "";
			projectRoot = "";
			targets = (
				8D1107260486CEB800E47090 /* Three Panes */,
			);
		};
/* End PBXProject section */

/* Begin PBXResourcesBuildPhase section */
		8D1107290486CEB800E47090 /* Resources */ = {
			isa = PBXResourcesBuildPhase;
			buildActionMask = 2147483647;
			files = (
				8D11072B0486CEB800E47090 /* InfoPlist.strings in Resources */,
				1DDD58160DA1D0A300B32029 /* MainMenu.xib in Resources */,
				63D6518B0FE9592F0085AC80 /* cad-comic.com.rb in Resources */,
				63D6518C0FE9592F0085AC80 /* explosm.net.rb in Resources */,
				63D6518D0FE9592F0085AC80 /* overcompensating.com.rb in Resources */,
				63D6518E0FE9592F0085AC80 /* threepanes.rb in Resources */,
				63D6518F0FE9592F0085AC80 /* xkcd.com.rb in Resources */,
				63D651B10FEA890F0085AC80 /* boredandevil.com.rb in Resources */,
				63D651B20FEA890F0085AC80 /* digitalunrestcomic.com.rb in Resources */,
				63D651B30FEA890F0085AC80 /* duelinganalogs.com.rb in Resources */,
				63D651B40FEA890F0085AC80 /* joyoftech.com.rb in Resources */,
				63D651B50FEA890F0085AC80 /* orneryboy.com.rb in Resources */,
				63D651B60FEA890F0085AC80 /* penny-arcade.com.rb in Resources */,
				63D651B70FEA890F0085AC80 /* viruscomix.com.rb in Resources */,
				63D651B80FEA890F0085AC80 /* whiteninjacomics.com.rb in Resources */,
			);
			runOnlyForDeploymentPostprocessing = 0;
		};
/* End PBXResourcesBuildPhase section */

/* Begin PBXSourcesBuildPhase section */
		8D11072C0486CEB800E47090 /* Sources */ = {
			isa = PBXSourcesBuildPhase;
			buildActionMask = 2147483647;
			files = (
				8D11072D0486CEB800E47090 /* main.m in Sources */,
				630405E90F3733A20058E192 /* ComicController.m in Sources */,
				63EE256B0FE7CB8C00747962 /* NSString+mxcl.m in Sources */,
				63D651CA0FEAC3AB0085AC80 /* ComicBookGuy.m in Sources */,
			);
			runOnlyForDeploymentPostprocessing = 0;
		};
/* End PBXSourcesBuildPhase section */

/* Begin PBXVariantGroup section */
		089C165CFE840E0CC02AAC07 /* InfoPlist.strings */ = {
			isa = PBXVariantGroup;
			children = (
				089C165DFE840E0CC02AAC07 /* English */,
			);
			name = InfoPlist.strings;
			sourceTree = "<group>";
		};
		1DDD58140DA1D0A300B32029 /* MainMenu.xib */ = {
			isa = PBXVariantGroup;
			children = (
				1DDD58150DA1D0A300B32029 /* English */,
			);
			name = MainMenu.xib;
			sourceTree = "<group>";
		};
/* End PBXVariantGroup section */

/* Begin XCBuildConfiguration section */
		C01FCF4B08A954540054247B /* Debug */ = {
			isa = XCBuildConfiguration;
			buildSettings = {
				ALWAYS_SEARCH_USER_PATHS = NO;
				COPY_PHASE_STRIP = NO;
				GCC_DYNAMIC_NO_PIC = NO;
				GCC_ENABLE_FIX_AND_CONTINUE = YES;
				GCC_MODEL_TUNING = G5;
				GCC_OPTIMIZATION_LEVEL = 0;
				GCC_PRECOMPILE_PREFIX_HEADER = YES;
				GCC_PREFIX_HEADER = pc.h;
				INFOPLIST_FILE = Info.plist;
				INSTALL_PATH = "$(HOME)/Applications";
				PRODUCT_NAME = "Three Panes";
			};
			name = Debug;
		};
		C01FCF4C08A954540054247B /* Release */ = {
			isa = XCBuildConfiguration;
			buildSettings = {
				ALWAYS_SEARCH_USER_PATHS = NO;
				DEBUG_INFORMATION_FORMAT = "dwarf-with-dsym";
				GCC_MODEL_TUNING = G5;
				GCC_PRECOMPILE_PREFIX_HEADER = YES;
				GCC_PREFIX_HEADER = pc.h;
				INFOPLIST_FILE = Info.plist;
				INSTALL_PATH = "$(HOME)/Applications";
				PRODUCT_NAME = "Three Panes";
			};
			name = Release;
		};
		C01FCF4F08A954540054247B /* Debug */ = {
			isa = XCBuildConfiguration;
			buildSettings = {
				ARCHS = "$(ARCHS_STANDARD_32_BIT)";
				GCC_C_LANGUAGE_STANDARD = c99;
				GCC_OPTIMIZATION_LEVEL = 0;
				GCC_WARN_ABOUT_RETURN_TYPE = YES;
				GCC_WARN_UNUSED_VARIABLE = YES;
				ONLY_ACTIVE_ARCH = YES;
				PREBINDING = NO;
				SDKROOT = macosx10.5;
			};
			name = Debug;
		};
		C01FCF5008A954540054247B /* Release */ = {
			isa = XCBuildConfiguration;
			buildSettings = {
				ARCHS = "$(ARCHS_STANDARD_32_BIT)";
				GCC_C_LANGUAGE_STANDARD = c99;
				GCC_WARN_ABOUT_RETURN_TYPE = YES;
				GCC_WARN_UNUSED_VARIABLE = YES;
				PREBINDING = NO;
				SDKROOT = macosx10.5;
			};
			name = Release;
		};
/* End XCBuildConfiguration section */

/* Begin XCConfigurationList section */
		C01FCF4A08A954540054247B /* Build configuration list for PBXNativeTarget "Three Panes" */ = {
			isa = XCConfigurationList;
			buildConfigurations = (
				C01FCF4B08A954540054247B /* Debug */,
				C01FCF4C08A954540054247B /* Release */,
			);
			defaultConfigurationIsVisible = 0;
			defaultConfigurationName = Release;
		};
		C01FCF4E08A954540054247B /* Build configuration list for PBXProject "Three Panes.app" */ = {
			isa = XCConfigurationList;
			buildConfigurations = (
				C01FCF4F08A954540054247B /* Debug */,
				C01FCF5008A954540054247B /* Release */,
			);
			defaultConfigurationIsVisible = 0;
			defaultConfigurationName = Release;
		};
/* End XCConfigurationList section */
	};
	rootObject = 29B97313FDCFA39411CA2CEA /* Project object */;
}
